// !$*UTF8*$!
{
	archiveVersion = 1;
	classes = {
	};
	objectVersion = 48;
	objects = {

/* Begin PBXBuildFile section */
		3EF470EF4F4FC3E71856241B /* libPods-GoEatTests.a in Frameworks */ = {isa = PBXBuildFile; fileRef = 1952F5E28DB1EAB23CDB105F /* libPods-GoEatTests.a */; };
		699473B432ABB80D62048E8F /* libPods-GoEatUITests.a in Frameworks */ = {isa = PBXBuildFile; fileRef = A32C2AFF5FBF035B7E41EEA6 /* libPods-GoEatUITests.a */; };
		79710A041FD92E49006B1F44 /* YelpAPI.framework in Frameworks */ = {isa = PBXBuildFile; fileRef = 79710A031FD92E49006B1F44 /* YelpAPI.framework */; };
		79710A051FD93010006B1F44 /* YelpAPI.framework in Frameworks */ = {isa = PBXBuildFile; fileRef = 79710A031FD92E49006B1F44 /* YelpAPI.framework */; };
		79710A061FD93010006B1F44 /* YelpAPI.framework in Embed Frameworks */ = {isa = PBXBuildFile; fileRef = 79710A031FD92E49006B1F44 /* YelpAPI.framework */; settings = {ATTRIBUTES = (CodeSignOnCopy, RemoveHeadersOnCopy, ); }; };
		79E19B6E1FD7D8560060EDEC /* AppDelegate.m in Sources */ = {isa = PBXBuildFile; fileRef = 79E19B6D1FD7D8560060EDEC /* AppDelegate.m */; };
		79E19B711FD7D8560060EDEC /* GoEatViewController.m in Sources */ = {isa = PBXBuildFile; fileRef = 79E19B701FD7D8560060EDEC /* GoEatViewController.m */; };
		79E19B761FD7D8560060EDEC /* Assets.xcassets in Resources */ = {isa = PBXBuildFile; fileRef = 79E19B751FD7D8560060EDEC /* Assets.xcassets */; };
		79E19B7C1FD7D8560060EDEC /* main.m in Sources */ = {isa = PBXBuildFile; fileRef = 79E19B7B1FD7D8560060EDEC /* main.m */; };
		79E19B861FD7D8560060EDEC /* GoEatTests.m in Sources */ = {isa = PBXBuildFile; fileRef = 79E19B851FD7D8560060EDEC /* GoEatTests.m */; };
		79E19B911FD7D8560060EDEC /* GoEatUITests.m in Sources */ = {isa = PBXBuildFile; fileRef = 79E19B901FD7D8560060EDEC /* GoEatUITests.m */; };
		79E19BAA1FD879780060EDEC /* LaunchScreen.storyboard in Resources */ = {isa = PBXBuildFile; fileRef = 79E19BA91FD879780060EDEC /* LaunchScreen.storyboard */; };
		79E19BAC1FD87A270060EDEC /* Main.storyboard in Resources */ = {isa = PBXBuildFile; fileRef = 79E19BAB1FD87A260060EDEC /* Main.storyboard */; };
		79E19BB41FD900CF0060EDEC /* WebKit.framework in Frameworks */ = {isa = PBXBuildFile; fileRef = 79E19BB31FD900CE0060EDEC /* WebKit.framework */; };
		79E19BB71FD910C50060EDEC /* PreferenceTableViewController.m in Sources */ = {isa = PBXBuildFile; fileRef = 79E19BB61FD910C50060EDEC /* PreferenceTableViewController.m */; };
		79E19BBA1FD9118B0060EDEC /* RestaurantViewController.m in Sources */ = {isa = PBXBuildFile; fileRef = 79E19BB91FD9118B0060EDEC /* RestaurantViewController.m */; };
		D93E45879756B4174506707D /* libPods-GoEat.a in Frameworks */ = {isa = PBXBuildFile; fileRef = 4570C06CCD33002B0753328C /* libPods-GoEat.a */; };
/* End PBXBuildFile section */

/* Begin PBXContainerItemProxy section */
		79E19B821FD7D8560060EDEC /* PBXContainerItemProxy */ = {
			isa = PBXContainerItemProxy;
			containerPortal = 79E19B611FD7D8560060EDEC /* Project object */;
			proxyType = 1;
			remoteGlobalIDString = 79E19B681FD7D8560060EDEC;
			remoteInfo = GoEat;
		};
		79E19B8D1FD7D8560060EDEC /* PBXContainerItemProxy */ = {
			isa = PBXContainerItemProxy;
			containerPortal = 79E19B611FD7D8560060EDEC /* Project object */;
			proxyType = 1;
			remoteGlobalIDString = 79E19B681FD7D8560060EDEC;
			remoteInfo = GoEat;
		};
/* End PBXContainerItemProxy section */

/* Begin PBXCopyFilesBuildPhase section */
		79710A071FD93010006B1F44 /* Embed Frameworks */ = {
			isa = PBXCopyFilesBuildPhase;
			buildActionMask = 2147483647;
			dstPath = "";
			dstSubfolderSpec = 10;
			files = (
				79710A061FD93010006B1F44 /* YelpAPI.framework in Embed Frameworks */,
			);
			name = "Embed Frameworks";
			runOnlyForDeploymentPostprocessing = 0;
		};
/* End PBXCopyFilesBuildPhase section */

/* Begin PBXFileReference section */
		1952F5E28DB1EAB23CDB105F /* libPods-GoEatTests.a */ = {isa = PBXFileReference; explicitFileType = archive.ar; includeInIndex = 0; path = "libPods-GoEatTests.a"; sourceTree = BUILT_PRODUCTS_DIR; };
		34D8731E57647151F0D4E05E /* Pods-GoEatUITests.release.xcconfig */ = {isa = PBXFileReference; includeInIndex = 1; lastKnownFileType = text.xcconfig; name = "Pods-GoEatUITests.release.xcconfig"; path = "Pods/Target Support Files/Pods-GoEatUITests/Pods-GoEatUITests.release.xcconfig"; sourceTree = "<group>"; };
		4570C06CCD33002B0753328C /* libPods-GoEat.a */ = {isa = PBXFileReference; explicitFileType = archive.ar; includeInIndex = 0; path = "libPods-GoEat.a"; sourceTree = BUILT_PRODUCTS_DIR; };
		64817C81D42FF9B9CE76B1C9 /* Pods-GoEatTests.debug.xcconfig */ = {isa = PBXFileReference; includeInIndex = 1; lastKnownFileType = text.xcconfig; name = "Pods-GoEatTests.debug.xcconfig"; path = "Pods/Target Support Files/Pods-GoEatTests/Pods-GoEatTests.debug.xcconfig"; sourceTree = "<group>"; };
		79710A031FD92E49006B1F44 /* YelpAPI.framework */ = {isa = PBXFileReference; lastKnownFileType = wrapper.framework; path = YelpAPI.framework; sourceTree = "<group>"; };
		79E19B691FD7D8560060EDEC /* GoEat.app */ = {isa = PBXFileReference; explicitFileType = wrapper.application; includeInIndex = 0; path = GoEat.app; sourceTree = BUILT_PRODUCTS_DIR; };
		79E19B6C1FD7D8560060EDEC /* AppDelegate.h */ = {isa = PBXFileReference; fileEncoding = 4; lastKnownFileType = sourcecode.c.h; path = AppDelegate.h; sourceTree = "<group>"; };
		79E19B6D1FD7D8560060EDEC /* AppDelegate.m */ = {isa = PBXFileReference; lastKnownFileType = sourcecode.c.objc; path = AppDelegate.m; sourceTree = "<group>"; };
		79E19B6F1FD7D8560060EDEC /* GoEatViewController.h */ = {isa = PBXFileReference; lastKnownFileType = sourcecode.c.h; path = GoEatViewController.h; sourceTree = "<group>"; };
		79E19B701FD7D8560060EDEC /* GoEatViewController.m */ = {isa = PBXFileReference; lastKnownFileType = sourcecode.c.objc; path = GoEatViewController.m; sourceTree = "<group>"; };
		79E19B751FD7D8560060EDEC /* Assets.xcassets */ = {isa = PBXFileReference; lastKnownFileType = folder.assetcatalog; path = Assets.xcassets; sourceTree = "<group>"; };
		79E19B7A1FD7D8560060EDEC /* Info.plist */ = {isa = PBXFileReference; lastKnownFileType = text.plist.xml; path = Info.plist; sourceTree = "<group>"; };
		79E19B7B1FD7D8560060EDEC /* main.m */ = {isa = PBXFileReference; lastKnownFileType = sourcecode.c.objc; path = main.m; sourceTree = "<group>"; };
		79E19B811FD7D8560060EDEC /* GoEatTests.xctest */ = {isa = PBXFileReference; explicitFileType = wrapper.cfbundle; includeInIndex = 0; path = GoEatTests.xctest; sourceTree = BUILT_PRODUCTS_DIR; };
		79E19B851FD7D8560060EDEC /* GoEatTests.m */ = {isa = PBXFileReference; lastKnownFileType = sourcecode.c.objc; path = GoEatTests.m; sourceTree = "<group>"; };
		79E19B871FD7D8560060EDEC /* Info.plist */ = {isa = PBXFileReference; lastKnownFileType = text.plist.xml; path = Info.plist; sourceTree = "<group>"; };
		79E19B8C1FD7D8560060EDEC /* GoEatUITests.xctest */ = {isa = PBXFileReference; explicitFileType = wrapper.cfbundle; includeInIndex = 0; path = GoEatUITests.xctest; sourceTree = BUILT_PRODUCTS_DIR; };
		79E19B901FD7D8560060EDEC /* GoEatUITests.m */ = {isa = PBXFileReference; lastKnownFileType = sourcecode.c.objc; path = GoEatUITests.m; sourceTree = "<group>"; };
		79E19B921FD7D8560060EDEC /* Info.plist */ = {isa = PBXFileReference; lastKnownFileType = text.plist.xml; path = Info.plist; sourceTree = "<group>"; };
		79E19BA91FD879780060EDEC /* LaunchScreen.storyboard */ = {isa = PBXFileReference; fileEncoding = 4; lastKnownFileType = file.storyboard; path = LaunchScreen.storyboard; sourceTree = "<group>"; };
		79E19BAB1FD87A260060EDEC /* Main.storyboard */ = {isa = PBXFileReference; fileEncoding = 4; lastKnownFileType = file.storyboard; path = Main.storyboard; sourceTree = "<group>"; };
		79E19BB31FD900CE0060EDEC /* WebKit.framework */ = {isa = PBXFileReference; lastKnownFileType = wrapper.framework; name = WebKit.framework; path = System/Library/Frameworks/WebKit.framework; sourceTree = SDKROOT; };
		79E19BB51FD910C50060EDEC /* PreferenceTableViewController.h */ = {isa = PBXFileReference; lastKnownFileType = sourcecode.c.h; path = PreferenceTableViewController.h; sourceTree = "<group>"; };
		79E19BB61FD910C50060EDEC /* PreferenceTableViewController.m */ = {isa = PBXFileReference; lastKnownFileType = sourcecode.c.objc; path = PreferenceTableViewController.m; sourceTree = "<group>"; };
		79E19BB81FD9118B0060EDEC /* RestaurantViewController.h */ = {isa = PBXFileReference; lastKnownFileType = sourcecode.c.h; path = RestaurantViewController.h; sourceTree = "<group>"; };
		79E19BB91FD9118B0060EDEC /* RestaurantViewController.m */ = {isa = PBXFileReference; lastKnownFileType = sourcecode.c.objc; path = RestaurantViewController.m; sourceTree = "<group>"; };
		79E19BC01FD92B1C0060EDEC /* libYelpAPI.a */ = {isa = PBXFileReference; explicitFileType = archive.ar; path = libYelpAPI.a; sourceTree = BUILT_PRODUCTS_DIR; };
		A32C2AFF5FBF035B7E41EEA6 /* libPods-GoEatUITests.a */ = {isa = PBXFileReference; explicitFileType = archive.ar; includeInIndex = 0; path = "libPods-GoEatUITests.a"; sourceTree = BUILT_PRODUCTS_DIR; };
		A6C3384A493B238C480B4A1B /* Pods-GoEatUITests.debug.xcconfig */ = {isa = PBXFileReference; includeInIndex = 1; lastKnownFileType = text.xcconfig; name = "Pods-GoEatUITests.debug.xcconfig"; path = "Pods/Target Support Files/Pods-GoEatUITests/Pods-GoEatUITests.debug.xcconfig"; sourceTree = "<group>"; };
		AC2EC5AE8571514EDC617112 /* Pods-GoEatTests.release.xcconfig */ = {isa = PBXFileReference; includeInIndex = 1; lastKnownFileType = text.xcconfig; name = "Pods-GoEatTests.release.xcconfig"; path = "Pods/Target Support Files/Pods-GoEatTests/Pods-GoEatTests.release.xcconfig"; sourceTree = "<group>"; };
		E15754CFBB3BB7E272CC79BC /* Pods-GoEat.release.xcconfig */ = {isa = PBXFileReference; includeInIndex = 1; lastKnownFileType = text.xcconfig; name = "Pods-GoEat.release.xcconfig"; path = "Pods/Target Support Files/Pods-GoEat/Pods-GoEat.release.xcconfig"; sourceTree = "<group>"; };
		ED687E9476B9A3236B69931D /* Pods-GoEat.debug.xcconfig */ = {isa = PBXFileReference; includeInIndex = 1; lastKnownFileType = text.xcconfig; name = "Pods-GoEat.debug.xcconfig"; path = "Pods/Target Support Files/Pods-GoEat/Pods-GoEat.debug.xcconfig"; sourceTree = "<group>"; };
/* End PBXFileReference section */

/* Begin PBXFrameworksBuildPhase section */
		79E19B661FD7D8560060EDEC /* Frameworks */ = {
			isa = PBXFrameworksBuildPhase;
			buildActionMask = 2147483647;
			files = (
				79E19BB41FD900CF0060EDEC /* WebKit.framework in Frameworks */,
				79710A051FD93010006B1F44 /* YelpAPI.framework in Frameworks */,
				79710A041FD92E49006B1F44 /* YelpAPI.framework in Frameworks */,
				D93E45879756B4174506707D /* libPods-GoEat.a in Frameworks */,
			);
			runOnlyForDeploymentPostprocessing = 0;
		};
		79E19B7E1FD7D8560060EDEC /* Frameworks */ = {
			isa = PBXFrameworksBuildPhase;
			buildActionMask = 2147483647;
			files = (
				3EF470EF4F4FC3E71856241B /* libPods-GoEatTests.a in Frameworks */,
			);
			runOnlyForDeploymentPostprocessing = 0;
		};
		79E19B891FD7D8560060EDEC /* Frameworks */ = {
			isa = PBXFrameworksBuildPhase;
			buildActionMask = 2147483647;
			files = (
				699473B432ABB80D62048E8F /* libPods-GoEatUITests.a in Frameworks */,
			);
			runOnlyForDeploymentPostprocessing = 0;
		};
/* End PBXFrameworksBuildPhase section */

/* Begin PBXGroup section */
		79E19B601FD7D8560060EDEC = {
			isa = PBXGroup;
			children = (
				79E19B6B1FD7D8560060EDEC /* GoEat */,
				79E19B841FD7D8560060EDEC /* GoEatTests */,
				79E19B8F1FD7D8560060EDEC /* GoEatUITests */,
				79E19B6A1FD7D8560060EDEC /* Products */,
				D2AF3DF4B04A360CFD4FBFE6 /* Frameworks */,
				87F853F5837AB4FAB280AC7E /* Pods */,
			);
			sourceTree = "<group>";
		};
		79E19B6A1FD7D8560060EDEC /* Products */ = {
			isa = PBXGroup;
			children = (
				79E19B691FD7D8560060EDEC /* GoEat.app */,
				79E19B811FD7D8560060EDEC /* GoEatTests.xctest */,
				79E19B8C1FD7D8560060EDEC /* GoEatUITests.xctest */,
			);
			name = Products;
			sourceTree = "<group>";
		};
		79E19B6B1FD7D8560060EDEC /* GoEat */ = {
			isa = PBXGroup;
			children = (
				79E19BBB1FD911FA0060EDEC /* ViewControllers */,
				79E19BAB1FD87A260060EDEC /* Main.storyboard */,
				79E19BA91FD879780060EDEC /* LaunchScreen.storyboard */,
				79E19B6C1FD7D8560060EDEC /* AppDelegate.h */,
				79E19B6D1FD7D8560060EDEC /* AppDelegate.m */,
				79E19B751FD7D8560060EDEC /* Assets.xcassets */,
				79E19B7A1FD7D8560060EDEC /* Info.plist */,
				79E19B7B1FD7D8560060EDEC /* main.m */,
			);
			path = GoEat;
			sourceTree = "<group>";
		};
		79E19B841FD7D8560060EDEC /* GoEatTests */ = {
			isa = PBXGroup;
			children = (
				79E19B851FD7D8560060EDEC /* GoEatTests.m */,
				79E19B871FD7D8560060EDEC /* Info.plist */,
			);
			path = GoEatTests;
			sourceTree = "<group>";
		};
		79E19B8F1FD7D8560060EDEC /* GoEatUITests */ = {
			isa = PBXGroup;
			children = (
				79E19B901FD7D8560060EDEC /* GoEatUITests.m */,
				79E19B921FD7D8560060EDEC /* Info.plist */,
			);
			path = GoEatUITests;
			sourceTree = "<group>";
		};
		79E19BBB1FD911FA0060EDEC /* ViewControllers */ = {
			isa = PBXGroup;
			children = (
				79E19BB51FD910C50060EDEC /* PreferenceTableViewController.h */,
				79E19BB61FD910C50060EDEC /* PreferenceTableViewController.m */,
				79E19BB81FD9118B0060EDEC /* RestaurantViewController.h */,
				79E19BB91FD9118B0060EDEC /* RestaurantViewController.m */,
				79E19B6F1FD7D8560060EDEC /* GoEatViewController.h */,
				79E19B701FD7D8560060EDEC /* GoEatViewController.m */,
			);
			path = ViewControllers;
			sourceTree = "<group>";
		};
		87F853F5837AB4FAB280AC7E /* Pods */ = {
			isa = PBXGroup;
			children = (
				ED687E9476B9A3236B69931D /* Pods-GoEat.debug.xcconfig */,
				E15754CFBB3BB7E272CC79BC /* Pods-GoEat.release.xcconfig */,
				64817C81D42FF9B9CE76B1C9 /* Pods-GoEatTests.debug.xcconfig */,
				AC2EC5AE8571514EDC617112 /* Pods-GoEatTests.release.xcconfig */,
				A6C3384A493B238C480B4A1B /* Pods-GoEatUITests.debug.xcconfig */,
				34D8731E57647151F0D4E05E /* Pods-GoEatUITests.release.xcconfig */,
			);
			name = Pods;
			sourceTree = "<group>";
		};
		D2AF3DF4B04A360CFD4FBFE6 /* Frameworks */ = {
			isa = PBXGroup;
			children = (
				79710A031FD92E49006B1F44 /* YelpAPI.framework */,
				79E19BC01FD92B1C0060EDEC /* libYelpAPI.a */,
				79E19BB31FD900CE0060EDEC /* WebKit.framework */,
				4570C06CCD33002B0753328C /* libPods-GoEat.a */,
				1952F5E28DB1EAB23CDB105F /* libPods-GoEatTests.a */,
				A32C2AFF5FBF035B7E41EEA6 /* libPods-GoEatUITests.a */,
			);
			name = Frameworks;
			sourceTree = "<group>";
		};
/* End PBXGroup section */

/* Begin PBXNativeTarget section */
		79E19B681FD7D8560060EDEC /* GoEat */ = {
			isa = PBXNativeTarget;
			buildConfigurationList = 79E19B951FD7D8560060EDEC /* Build configuration list for PBXNativeTarget "GoEat" */;
			buildPhases = (
				46DF168D0A78CFC3C797840C /* [CP] Check Pods Manifest.lock */,
				79E19B651FD7D8560060EDEC /* Sources */,
				79E19B661FD7D8560060EDEC /* Frameworks */,
				79E19B671FD7D8560060EDEC /* Resources */,
				557BAB88ADFCD20EAAE67059 /* [CP] Embed Pods Frameworks */,
				C57E18ABEA4760437AA68893 /* [CP] Copy Pods Resources */,
				79710A071FD93010006B1F44 /* Embed Frameworks */,
			);
			buildRules = (
			);
			dependencies = (
			);
			name = GoEat;
			productName = GoEat;
			productReference = 79E19B691FD7D8560060EDEC /* GoEat.app */;
			productType = "com.apple.product-type.application";
		};
		79E19B801FD7D8560060EDEC /* GoEatTests */ = {
			isa = PBXNativeTarget;
			buildConfigurationList = 79E19B981FD7D8560060EDEC /* Build configuration list for PBXNativeTarget "GoEatTests" */;
			buildPhases = (
				C743733111B5122C51216FC0 /* [CP] Check Pods Manifest.lock */,
				79E19B7D1FD7D8560060EDEC /* Sources */,
				79E19B7E1FD7D8560060EDEC /* Frameworks */,
				79E19B7F1FD7D8560060EDEC /* Resources */,
				89CEA5A0D1224607929EF895 /* [CP] Embed Pods Frameworks */,
				EBDF542BE5D79F5C08C24985 /* [CP] Copy Pods Resources */,
			);
			buildRules = (
			);
			dependencies = (
				79E19B831FD7D8560060EDEC /* PBXTargetDependency */,
			);
			name = GoEatTests;
			productName = GoEatTests;
			productReference = 79E19B811FD7D8560060EDEC /* GoEatTests.xctest */;
			productType = "com.apple.product-type.bundle.unit-test";
		};
		79E19B8B1FD7D8560060EDEC /* GoEatUITests */ = {
			isa = PBXNativeTarget;
			buildConfigurationList = 79E19B9B1FD7D8560060EDEC /* Build configuration list for PBXNativeTarget "GoEatUITests" */;
			buildPhases = (
				6C39A4A30E812967C7909FF4 /* [CP] Check Pods Manifest.lock */,
				79E19B881FD7D8560060EDEC /* Sources */,
				79E19B891FD7D8560060EDEC /* Frameworks */,
				79E19B8A1FD7D8560060EDEC /* Resources */,
				F2ECC72F441DA6AA2AA5A5D3 /* [CP] Embed Pods Frameworks */,
				B24E3540308B8F4078F49FF4 /* [CP] Copy Pods Resources */,
			);
			buildRules = (
			);
			dependencies = (
				79E19B8E1FD7D8560060EDEC /* PBXTargetDependency */,
			);
			name = GoEatUITests;
			productName = GoEatUITests;
			productReference = 79E19B8C1FD7D8560060EDEC /* GoEatUITests.xctest */;
			productType = "com.apple.product-type.bundle.ui-testing";
		};
/* End PBXNativeTarget section */

/* Begin PBXProject section */
		79E19B611FD7D8560060EDEC /* Project object */ = {
			isa = PBXProject;
			attributes = {
				LastUpgradeCheck = 0910;
				ORGANIZATIONNAME = "Zifan Shi";
				TargetAttributes = {
					79E19B681FD7D8560060EDEC = {
						CreatedOnToolsVersion = 9.1;
						ProvisioningStyle = Automatic;
					};
					79E19B801FD7D8560060EDEC = {
						CreatedOnToolsVersion = 9.1;
						ProvisioningStyle = Automatic;
						TestTargetID = 79E19B681FD7D8560060EDEC;
					};
					79E19B8B1FD7D8560060EDEC = {
						CreatedOnToolsVersion = 9.1;
						ProvisioningStyle = Automatic;
						TestTargetID = 79E19B681FD7D8560060EDEC;
					};
				};
			};
			buildConfigurationList = 79E19B641FD7D8560060EDEC /* Build configuration list for PBXProject "GoEat" */;
			compatibilityVersion = "Xcode 8.0";
			developmentRegion = en;
			hasScannedForEncodings = 0;
			knownRegions = (
				en,
				Base,
			);
			mainGroup = 79E19B601FD7D8560060EDEC;
			productRefGroup = 79E19B6A1FD7D8560060EDEC /* Products */;
			projectDirPath = "";
			projectRoot = "";
			targets = (
				79E19B681FD7D8560060EDEC /* GoEat */,
				79E19B801FD7D8560060EDEC /* GoEatTests */,
				79E19B8B1FD7D8560060EDEC /* GoEatUITests */,
			);
		};
/* End PBXProject section */

/* Begin PBXResourcesBuildPhase section */
		79E19B671FD7D8560060EDEC /* Resources */ = {
			isa = PBXResourcesBuildPhase;
			buildActionMask = 2147483647;
			files = (
				79E19BAA1FD879780060EDEC /* LaunchScreen.storyboard in Resources */,
				79E19B761FD7D8560060EDEC /* Assets.xcassets in Resources */,
				79E19BAC1FD87A270060EDEC /* Main.storyboard in Resources */,
			);
			runOnlyForDeploymentPostprocessing = 0;
		};
		79E19B7F1FD7D8560060EDEC /* Resources */ = {
			isa = PBXResourcesBuildPhase;
			buildActionMask = 2147483647;
			files = (
			);
			runOnlyForDeploymentPostprocessing = 0;
		};
		79E19B8A1FD7D8560060EDEC /* Resources */ = {
			isa = PBXResourcesBuildPhase;
			buildActionMask = 2147483647;
			files = (
			);
			runOnlyForDeploymentPostprocessing = 0;
		};
/* End PBXResourcesBuildPhase section */

/* Begin PBXShellScriptBuildPhase section */
		46DF168D0A78CFC3C797840C /* [CP] Check Pods Manifest.lock */ = {
			isa = PBXShellScriptBuildPhase;
			buildActionMask = 2147483647;
			files = (
			);
			inputPaths = (
				"${PODS_PODFILE_DIR_PATH}/Podfile.lock",
				"${PODS_ROOT}/Manifest.lock",
			);
			name = "[CP] Check Pods Manifest.lock";
			outputPaths = (
				"$(DERIVED_FILE_DIR)/Pods-GoEat-checkManifestLockResult.txt",
			);
			runOnlyForDeploymentPostprocessing = 0;
			shellPath = /bin/sh;
			shellScript = "diff \"${PODS_PODFILE_DIR_PATH}/Podfile.lock\" \"${PODS_ROOT}/Manifest.lock\" > /dev/null\nif [ $? != 0 ] ; then\n    # print error to STDERR\n    echo \"error: The sandbox is not in sync with the Podfile.lock. Run 'pod install' or update your CocoaPods installation.\" >&2\n    exit 1\nfi\n# This output is used by Xcode 'outputs' to avoid re-running this script phase.\necho \"SUCCESS\" > \"${SCRIPT_OUTPUT_FILE_0}\"\n";
			showEnvVarsInLog = 0;
		};
		557BAB88ADFCD20EAAE67059 /* [CP] Embed Pods Frameworks */ = {
			isa = PBXShellScriptBuildPhase;
			buildActionMask = 2147483647;
			files = (
			);
			inputPaths = (
			);
			name = "[CP] Embed Pods Frameworks";
			outputPaths = (
			);
			runOnlyForDeploymentPostprocessing = 0;
			shellPath = /bin/sh;
			shellScript = "\"${SRCROOT}/Pods/Target Support Files/Pods-GoEat/Pods-GoEat-frameworks.sh\"\n";
			showEnvVarsInLog = 0;
		};
		6C39A4A30E812967C7909FF4 /* [CP] Check Pods Manifest.lock */ = {
			isa = PBXShellScriptBuildPhase;
			buildActionMask = 2147483647;
			files = (
			);
			inputPaths = (
				"${PODS_PODFILE_DIR_PATH}/Podfile.lock",
				"${PODS_ROOT}/Manifest.lock",
			);
			name = "[CP] Check Pods Manifest.lock";
			outputPaths = (
				"$(DERIVED_FILE_DIR)/Pods-GoEatUITests-checkManifestLockResult.txt",
			);
			runOnlyForDeploymentPostprocessing = 0;
			shellPath = /bin/sh;
			shellScript = "diff \"${PODS_PODFILE_DIR_PATH}/Podfile.lock\" \"${PODS_ROOT}/Manifest.lock\" > /dev/null\nif [ $? != 0 ] ; then\n    # print error to STDERR\n    echo \"error: The sandbox is not in sync with the Podfile.lock. Run 'pod install' or update your CocoaPods installation.\" >&2\n    exit 1\nfi\n# This output is used by Xcode 'outputs' to avoid re-running this script phase.\necho \"SUCCESS\" > \"${SCRIPT_OUTPUT_FILE_0}\"\n";
			showEnvVarsInLog = 0;
		};
		89CEA5A0D1224607929EF895 /* [CP] Embed Pods Frameworks */ = {
			isa = PBXShellScriptBuildPhase;
			buildActionMask = 2147483647;
			files = (
			);
			inputPaths = (
			);
			name = "[CP] Embed Pods Frameworks";
			outputPaths = (
			);
			runOnlyForDeploymentPostprocessing = 0;
			shellPath = /bin/sh;
			shellScript = "\"${SRCROOT}/Pods/Target Support Files/Pods-GoEatTests/Pods-GoEatTests-frameworks.sh\"\n";
			showEnvVarsInLog = 0;
		};
		B24E3540308B8F4078F49FF4 /* [CP] Copy Pods Resources */ = {
			isa = PBXShellScriptBuildPhase;
			buildActionMask = 2147483647;
			files = (
			);
			inputPaths = (
			);
			name = "[CP] Copy Pods Resources";
			outputPaths = (
			);
			runOnlyForDeploymentPostprocessing = 0;
			shellPath = /bin/sh;
			shellScript = "\"${SRCROOT}/Pods/Target Support Files/Pods-GoEatUITests/Pods-GoEatUITests-resources.sh\"\n";
			showEnvVarsInLog = 0;
		};
		C57E18ABEA4760437AA68893 /* [CP] Copy Pods Resources */ = {
			isa = PBXShellScriptBuildPhase;
			buildActionMask = 2147483647;
			files = (
			);
			inputPaths = (
			);
			name = "[CP] Copy Pods Resources";
			outputPaths = (
			);
			runOnlyForDeploymentPostprocessing = 0;
			shellPath = /bin/sh;
			shellScript = "\"${SRCROOT}/Pods/Target Support Files/Pods-GoEat/Pods-GoEat-resources.sh\"\n";
			showEnvVarsInLog = 0;
		};
		C743733111B5122C51216FC0 /* [CP] Check Pods Manifest.lock */ = {
			isa = PBXShellScriptBuildPhase;
			buildActionMask = 2147483647;
			files = (
			);
			inputPaths = (
				"${PODS_PODFILE_DIR_PATH}/Podfile.lock",
				"${PODS_ROOT}/Manifest.lock",
			);
			name = "[CP] Check Pods Manifest.lock";
			outputPaths = (
				"$(DERIVED_FILE_DIR)/Pods-GoEatTests-checkManifestLockResult.txt",
			);
			runOnlyForDeploymentPostprocessing = 0;
			shellPath = /bin/sh;
			shellScript = "diff \"${PODS_PODFILE_DIR_PATH}/Podfile.lock\" \"${PODS_ROOT}/Manifest.lock\" > /dev/null\nif [ $? != 0 ] ; then\n    # print error to STDERR\n    echo \"error: The sandbox is not in sync with the Podfile.lock. Run 'pod install' or update your CocoaPods installation.\" >&2\n    exit 1\nfi\n# This output is used by Xcode 'outputs' to avoid re-running this script phase.\necho \"SUCCESS\" > \"${SCRIPT_OUTPUT_FILE_0}\"\n";
			showEnvVarsInLog = 0;
		};
		EBDF542BE5D79F5C08C24985 /* [CP] Copy Pods Resources */ = {
			isa = PBXShellScriptBuildPhase;
			buildActionMask = 2147483647;
			files = (
			);
			inputPaths = (
			);
			name = "[CP] Copy Pods Resources";
			outputPaths = (
			);
			runOnlyForDeploymentPostprocessing = 0;
			shellPath = /bin/sh;
			shellScript = "\"${SRCROOT}/Pods/Target Support Files/Pods-GoEatTests/Pods-GoEatTests-resources.sh\"\n";
			showEnvVarsInLog = 0;
		};
		F2ECC72F441DA6AA2AA5A5D3 /* [CP] Embed Pods Frameworks */ = {
			isa = PBXShellScriptBuildPhase;
			buildActionMask = 2147483647;
			files = (
			);
			inputPaths = (
			);
			name = "[CP] Embed Pods Frameworks";
			outputPaths = (
			);
			runOnlyForDeploymentPostprocessing = 0;
			shellPath = /bin/sh;
			shellScript = "\"${SRCROOT}/Pods/Target Support Files/Pods-GoEatUITests/Pods-GoEatUITests-frameworks.sh\"\n";
			showEnvVarsInLog = 0;
		};
/* End PBXShellScriptBuildPhase section */

/* Begin PBXSourcesBuildPhase section */
		79E19B651FD7D8560060EDEC /* Sources */ = {
			isa = PBXSourcesBuildPhase;
			buildActionMask = 2147483647;
			files = (
				79E19BB71FD910C50060EDEC /* PreferenceTableViewController.m in Sources */,
				79E19B711FD7D8560060EDEC /* GoEatViewController.m in Sources */,
				79E19B7C1FD7D8560060EDEC /* main.m in Sources */,
				79E19B6E1FD7D8560060EDEC /* AppDelegate.m in Sources */,
				79E19BBA1FD9118B0060EDEC /* RestaurantViewController.m in Sources */,
			);
			runOnlyForDeploymentPostprocessing = 0;
		};
		79E19B7D1FD7D8560060EDEC /* Sources */ = {
			isa = PBXSourcesBuildPhase;
			buildActionMask = 2147483647;
			files = (
				79E19B861FD7D8560060EDEC /* GoEatTests.m in Sources */,
			);
			runOnlyForDeploymentPostprocessing = 0;
		};
		79E19B881FD7D8560060EDEC /* Sources */ = {
			isa = PBXSourcesBuildPhase;
			buildActionMask = 2147483647;
			files = (
				79E19B911FD7D8560060EDEC /* GoEatUITests.m in Sources */,
			);
			runOnlyForDeploymentPostprocessing = 0;
		};
/* End PBXSourcesBuildPhase section */

/* Begin PBXTargetDependency section */
		79E19B831FD7D8560060EDEC /* PBXTargetDependency */ = {
			isa = PBXTargetDependency;
			target = 79E19B681FD7D8560060EDEC /* GoEat */;
			targetProxy = 79E19B821FD7D8560060EDEC /* PBXContainerItemProxy */;
		};
		79E19B8E1FD7D8560060EDEC /* PBXTargetDependency */ = {
			isa = PBXTargetDependency;
			target = 79E19B681FD7D8560060EDEC /* GoEat */;
			targetProxy = 79E19B8D1FD7D8560060EDEC /* PBXContainerItemProxy */;
		};
/* End PBXTargetDependency section */

/* Begin XCBuildConfiguration section */
		79E19B931FD7D8560060EDEC /* Debug */ = {
			isa = XCBuildConfiguration;
			buildSettings = {
				ALWAYS_SEARCH_USER_PATHS = NO;
				CLANG_ANALYZER_NONNULL = YES;
				CLANG_ANALYZER_NUMBER_OBJECT_CONVERSION = YES_AGGRESSIVE;
				CLANG_CXX_LANGUAGE_STANDARD = "gnu++14";
				CLANG_CXX_LIBRARY = "libc++";
				CLANG_ENABLE_MODULES = YES;
				CLANG_ENABLE_OBJC_ARC = YES;
				CLANG_WARN_BLOCK_CAPTURE_AUTORELEASING = YES;
				CLANG_WARN_BOOL_CONVERSION = YES;
				CLANG_WARN_COMMA = YES;
				CLANG_WARN_CONSTANT_CONVERSION = YES;
				CLANG_WARN_DIRECT_OBJC_ISA_USAGE = YES_ERROR;
				CLANG_WARN_DOCUMENTATION_COMMENTS = YES;
				CLANG_WARN_EMPTY_BODY = YES;
				CLANG_WARN_ENUM_CONVERSION = YES;
				CLANG_WARN_INFINITE_RECURSION = YES;
				CLANG_WARN_INT_CONVERSION = YES;
				CLANG_WARN_NON_LITERAL_NULL_CONVERSION = YES;
				CLANG_WARN_OBJC_LITERAL_CONVERSION = YES;
				CLANG_WARN_OBJC_ROOT_CLASS = YES_ERROR;
				CLANG_WARN_RANGE_LOOP_ANALYSIS = YES;
				CLANG_WARN_STRICT_PROTOTYPES = YES;
				CLANG_WARN_SUSPICIOUS_MOVE = YES;
				CLANG_WARN_UNGUARDED_AVAILABILITY = YES_AGGRESSIVE;
				CLANG_WARN_UNREACHABLE_CODE = YES;
				CLANG_WARN__DUPLICATE_METHOD_MATCH = YES;
				CODE_SIGN_IDENTITY = "iPhone Developer";
				COPY_PHASE_STRIP = NO;
				DEBUG_INFORMATION_FORMAT = dwarf;
				ENABLE_STRICT_OBJC_MSGSEND = YES;
				ENABLE_TESTABILITY = YES;
				GCC_C_LANGUAGE_STANDARD = gnu11;
				GCC_DYNAMIC_NO_PIC = NO;
				GCC_NO_COMMON_BLOCKS = YES;
				GCC_OPTIMIZATION_LEVEL = 0;
				GCC_PREPROCESSOR_DEFINITIONS = (
					"DEBUG=1",
					"$(inherited)",
				);
				GCC_WARN_64_TO_32_BIT_CONVERSION = YES;
				GCC_WARN_ABOUT_RETURN_TYPE = YES_ERROR;
				GCC_WARN_UNDECLARED_SELECTOR = YES;
				GCC_WARN_UNINITIALIZED_AUTOS = YES_AGGRESSIVE;
				GCC_WARN_UNUSED_FUNCTION = YES;
				GCC_WARN_UNUSED_VARIABLE = YES;
				IPHONEOS_DEPLOYMENT_TARGET = 11.1;
				MTL_ENABLE_DEBUG_INFO = YES;
				ONLY_ACTIVE_ARCH = YES;
				SDKROOT = iphoneos;
			};
			name = Debug;
		};
		79E19B941FD7D8560060EDEC /* Release */ = {
			isa = XCBuildConfiguration;
			buildSettings = {
				ALWAYS_SEARCH_USER_PATHS = NO;
				CLANG_ANALYZER_NONNULL = YES;
				CLANG_ANALYZER_NUMBER_OBJECT_CONVERSION = YES_AGGRESSIVE;
				CLANG_CXX_LANGUAGE_STANDARD = "gnu++14";
				CLANG_CXX_LIBRARY = "libc++";
				CLANG_ENABLE_MODULES = YES;
				CLANG_ENABLE_OBJC_ARC = YES;
				CLANG_WARN_BLOCK_CAPTURE_AUTORELEASING = YES;
				CLANG_WARN_BOOL_CONVERSION = YES;
				CLANG_WARN_COMMA = YES;
				CLANG_WARN_CONSTANT_CONVERSION = YES;
				CLANG_WARN_DIRECT_OBJC_ISA_USAGE = YES_ERROR;
				CLANG_WARN_DOCUMENTATION_COMMENTS = YES;
				CLANG_WARN_EMPTY_BODY = YES;
				CLANG_WARN_ENUM_CONVERSION = YES;
				CLANG_WARN_INFINITE_RECURSION = YES;
				CLANG_WARN_INT_CONVERSION = YES;
				CLANG_WARN_NON_LITERAL_NULL_CONVERSION = YES;
				CLANG_WARN_OBJC_LITERAL_CONVERSION = YES;
				CLANG_WARN_OBJC_ROOT_CLASS = YES_ERROR;
				CLANG_WARN_RANGE_LOOP_ANALYSIS = YES;
				CLANG_WARN_STRICT_PROTOTYPES = YES;
				CLANG_WARN_SUSPICIOUS_MOVE = YES;
				CLANG_WARN_UNGUARDED_AVAILABILITY = YES_AGGRESSIVE;
				CLANG_WARN_UNREACHABLE_CODE = YES;
				CLANG_WARN__DUPLICATE_METHOD_MATCH = YES;
				CODE_SIGN_IDENTITY = "iPhone Developer";
				COPY_PHASE_STRIP = NO;
				DEBUG_INFORMATION_FORMAT = "dwarf-with-dsym";
				ENABLE_NS_ASSERTIONS = NO;
				ENABLE_STRICT_OBJC_MSGSEND = YES;
				GCC_C_LANGUAGE_STANDARD = gnu11;
				GCC_NO_COMMON_BLOCKS = YES;
				GCC_WARN_64_TO_32_BIT_CONVERSION = YES;
				GCC_WARN_ABOUT_RETURN_TYPE = YES_ERROR;
				GCC_WARN_UNDECLARED_SELECTOR = YES;
				GCC_WARN_UNINITIALIZED_AUTOS = YES_AGGRESSIVE;
				GCC_WARN_UNUSED_FUNCTION = YES;
				GCC_WARN_UNUSED_VARIABLE = YES;
				IPHONEOS_DEPLOYMENT_TARGET = 11.1;
				MTL_ENABLE_DEBUG_INFO = NO;
				SDKROOT = iphoneos;
				VALIDATE_PRODUCT = YES;
			};
			name = Release;
		};
		79E19B961FD7D8560060EDEC /* Debug */ = {
			isa = XCBuildConfiguration;
			baseConfigurationReference = ED687E9476B9A3236B69931D /* Pods-GoEat.debug.xcconfig */;
			buildSettings = {
				ASSETCATALOG_COMPILER_APPICON_NAME = AppIcon;
				CLANG_ALLOW_NON_MODULAR_INCLUDES_IN_FRAMEWORK_MODULES = NO;
				CODE_SIGN_STYLE = Automatic;
				DEVELOPMENT_TEAM = 8HDRCV7PY3;
				FRAMEWORK_SEARCH_PATHS = (
					"$(inherited)",
					"$(PROJECT_DIR)",
				);
				INFOPLIST_FILE = GoEat/Info.plist;
				LD_RUNPATH_SEARCH_PATHS = "$(inherited) @executable_path/Frameworks";
				PRODUCT_BUNDLE_IDENTIFIER = zifanshi.GoEat;
				PRODUCT_NAME = "$(TARGET_NAME)";
				TARGETED_DEVICE_FAMILY = "1,2";
			};
			name = Debug;
		};
		79E19B971FD7D8560060EDEC /* Release */ = {
			isa = XCBuildConfiguration;
			baseConfigurationReference = E15754CFBB3BB7E272CC79BC /* Pods-GoEat.release.xcconfig */;
			buildSettings = {
				ASSETCATALOG_COMPILER_APPICON_NAME = AppIcon;
				CLANG_ALLOW_NON_MODULAR_INCLUDES_IN_FRAMEWORK_MODULES = NO;
				CODE_SIGN_STYLE = Automatic;
				DEVELOPMENT_TEAM = 8HDRCV7PY3;
				FRAMEWORK_SEARCH_PATHS = (
					"$(inherited)",
					"$(PROJECT_DIR)",
				);
				INFOPLIST_FILE = GoEat/Info.plist;
				LD_RUNPATH_SEARCH_PATHS = "$(inherited) @executable_path/Frameworks";
				PRODUCT_BUNDLE_IDENTIFIER = zifanshi.GoEat;
				PRODUCT_NAME = "$(TARGET_NAME)";
				TARGETED_DEVICE_FAMILY = "1,2";
			};
			name = Release;
		};
		79E19B991FD7D8560060EDEC /* Debug */ = {
			isa = XCBuildConfiguration;
			baseConfigurationReference = 64817C81D42FF9B9CE76B1C9 /* Pods-GoEatTests.debug.xcconfig */;
			buildSettings = {
				BUNDLE_LOADER = "$(TEST_HOST)";
				CODE_SIGN_STYLE = Automatic;
				INFOPLIST_FILE = GoEatTests/Info.plist;
				LD_RUNPATH_SEARCH_PATHS = "$(inherited) @executable_path/Frameworks @loader_path/Frameworks";
				PRODUCT_BUNDLE_IDENTIFIER = zifanshi.GoEatTests;
				PRODUCT_NAME = "$(TARGET_NAME)";
				TARGETED_DEVICE_FAMILY = "1,2";
				TEST_HOST = "$(BUILT_PRODUCTS_DIR)/GoEat.app/GoEat";
			};
			name = Debug;
		};
		79E19B9A1FD7D8560060EDEC /* Release */ = {
			isa = XCBuildConfiguration;
			baseConfigurationReference = AC2EC5AE8571514EDC617112 /* Pods-GoEatTests.release.xcconfig */;
			buildSettings = {
				BUNDLE_LOADER = "$(TEST_HOST)";
				CODE_SIGN_STYLE = Automatic;
				INFOPLIST_FILE = GoEatTests/Info.plist;
				LD_RUNPATH_SEARCH_PATHS = "$(inherited) @executable_path/Frameworks @loader_path/Frameworks";
				PRODUCT_BUNDLE_IDENTIFIER = zifanshi.GoEatTests;
				PRODUCT_NAME = "$(TARGET_NAME)";
				TARGETED_DEVICE_FAMILY = "1,2";
				TEST_HOST = "$(BUILT_PRODUCTS_DIR)/GoEat.app/GoEat";
			};
			name = Release;
		};
		79E19B9C1FD7D8560060EDEC /* Debug */ = {
			isa = XCBuildConfiguration;
			baseConfigurationReference = A6C3384A493B238C480B4A1B /* Pods-GoEatUITests.debug.xcconfig */;
			buildSettings = {
				CODE_SIGN_STYLE = Automatic;
				INFOPLIST_FILE = GoEatUITests/Info.plist;
				LD_RUNPATH_SEARCH_PATHS = "$(inherited) @executable_path/Frameworks @loader_path/Frameworks";
				PRODUCT_BUNDLE_IDENTIFIER = zifanshi.GoEatUITests;
				PRODUCT_NAME = "$(TARGET_NAME)";
				TARGETED_DEVICE_FAMILY = "1,2";
				TEST_TARGET_NAME = GoEat;
			};
			name = Debug;
		};
		79E19B9D1FD7D8560060EDEC /* Release */ = {
			isa = XCBuildConfiguration;
			baseConfigurationReference = 34D8731E57647151F0D4E05E /* Pods-GoEatUITests.release.xcconfig */;
			buildSettings = {
				CODE_SIGN_STYLE = Automatic;
				INFOPLIST_FILE = GoEatUITests/Info.plist;
				LD_RUNPATH_SEARCH_PATHS = "$(inherited) @executable_path/Frameworks @loader_path/Frameworks";
				PRODUCT_BUNDLE_IDENTIFIER = zifanshi.GoEatUITests;
				PRODUCT_NAME = "$(TARGET_NAME)";
				TARGETED_DEVICE_FAMILY = "1,2";
				TEST_TARGET_NAME = GoEat;
			};
			name = Release;
		};
/* End XCBuildConfiguration section */

/* Begin XCConfigurationList section */
		79E19B641FD7D8560060EDEC /* Build configuration list for PBXProject "GoEat" */ = {
			isa = XCConfigurationList;
			buildConfigurations = (
				79E19B931FD7D8560060EDEC /* Debug */,
				79E19B941FD7D8560060EDEC /* Release */,
			);
			defaultConfigurationIsVisible = 0;
			defaultConfigurationName = Release;
		};
		79E19B951FD7D8560060EDEC /* Build configuration list for PBXNativeTarget "GoEat" */ = {
			isa = XCConfigurationList;
			buildConfigurations = (
				79E19B961FD7D8560060EDEC /* Debug */,
				79E19B971FD7D8560060EDEC /* Release */,
			);
			defaultConfigurationIsVisible = 0;
			defaultConfigurationName = Release;
		};
		79E19B981FD7D8560060EDEC /* Build configuration list for PBXNativeTarget "GoEatTests" */ = {
			isa = XCConfigurationList;
			buildConfigurations = (
				79E19B991FD7D8560060EDEC /* Debug */,
				79E19B9A1FD7D8560060EDEC /* Release */,
			);
			defaultConfigurationIsVisible = 0;
			defaultConfigurationName = Release;
		};
		79E19B9B1FD7D8560060EDEC /* Build configuration list for PBXNativeTarget "GoEatUITests" */ = {
			isa = XCConfigurationList;
			buildConfigurations = (
				79E19B9C1FD7D8560060EDEC /* Debug */,
				79E19B9D1FD7D8560060EDEC /* Release */,
			);
			defaultConfigurationIsVisible = 0;
			defaultConfigurationName = Release;
		};
/* End XCConfigurationList section */
	};
	rootObject = 79E19B611FD7D8560060EDEC /* Project object */;
}
